
Microsoft Visual Studio Solution File, Format Version 12.00
# Visual Studio 14
VisualStudioVersion = 14.0.24720.0
MinimumVisualStudioVersion = 10.0.40219.1
Project("{2150E333-8FDC-42A3-9474-1A3956D46DE8}") = "0.连接数据库", "0.连接数据库", "{8A101F1C-C005-47DA-96F1-DC91EF4FCDA7}"
EndProject
Project("{FAE04EC0-301F-11D3-BF4B-00C04F79EFBC}") = "DataGridView", "DataGridView\DataGridView.csproj", "{80FBCAE8-E105-4D67-92A2-6CE732658261}"
EndProject
Project("{2150E333-8FDC-42A3-9474-1A3956D46DE8}") = "1.Caster", "1.Caster", "{31521893-17A8-485D-B21F-3E45662700E3}"
EndProject
Project("{FAE04EC0-301F-11D3-BF4B-00C04F79EFBC}") = "CasterUI", "CasterUI\CasterUI.csproj", "{F1FA2290-DE19-4642-BF36-CE0309B5A2B0}"
EndProject
Project("{FAE04EC0-301F-11D3-BF4B-00C04F79EFBC}") = "CasterBLL", "CasterBLL\CasterBLL.csproj", "{699EED29-4A3C-4034-A471-D424DA608BC1}"
EndProject
Project("{FAE04EC0-301F-11D3-BF4B-00C04F79EFBC}") = "CasterDAL", "CasterDAL\CasterDAL.csproj", "{B6A010EF-B8B1-4698-96F3-AF74B0A915A5}"
EndProject
Project("{FAE04EC0-301F-11D3-BF4B-00C04F79EFBC}") = "CasterModel", "CasterModel\CasterModel.csproj", "{2C21D911-8438-4395-B1D4-9D296EFBF9C5}"
EndProject
Project("{FAE04EC0-301F-11D3-BF4B-00C04F79EFBC}") = "CasterCommon", "CasterCommon\CasterCommon.csproj", "{7A048F77-E315-4441-9BB6-1A87C983B231}"
EndProject
Global
	GlobalSection(SolutionConfigurationPlatforms) = preSolution
		Debug|Any CPU = Debug|Any CPU
		Release|Any CPU = Release|Any CPU
	EndGlobalSection
	GlobalSection(ProjectConfigurationPlatforms) = postSolution
		{80FBCAE8-E105-4D67-92A2-6CE732658261}.Debug|Any CPU.ActiveCfg = Debug|Any CPU
		{80FBCAE8-E105-4D67-92A2-6CE732658261}.Debug|Any CPU.Build.0 = Debug|Any CPU
		{80FBCAE8-E105-4D67-92A2-6CE732658261}.Release|Any CPU.ActiveCfg = Release|Any CPU
		{80FBCAE8-E105-4D67-92A2-6CE732658261}.Release|Any CPU.Build.0 = Release|Any CPU
		{F1FA2290-DE19-4642-BF36-CE0309B5A2B0}.Debug|Any CPU.ActiveCfg = Debug|Any CPU
		{F1FA2290-DE19-4642-BF36-CE0309B5A2B0}.Debug|Any CPU.Build.0 = Debug|Any CPU
		{F1FA2290-DE19-4642-BF36-CE0309B5A2B0}.Release|Any CPU.ActiveCfg = Release|Any CPU
		{F1FA2290-DE19-4642-BF36-CE0309B5A2B0}.Release|Any CPU.Build.0 = Release|Any CPU
		{699EED29-4A3C-4034-A471-D424DA608BC1}.Debug|Any CPU.ActiveCfg = Debug|Any CPU
		{699EED29-4A3C-4034-A471-D424DA608BC1}.Debug|Any CPU.Build.0 = Debug|Any CPU
		{699EED29-4A3C-4034-A471-D424DA608BC1}.Release|Any CPU.ActiveCfg = Release|Any CPU
		{699EED29-4A3C-4034-A471-D424DA608BC1}.Release|Any CPU.Build.0 = Release|Any CPU
		{B6A010EF-B8B1-4698-96F3-AF74B0A915A5}.Debug|Any CPU.ActiveCfg = Debug|Any CPU
		{B6A010EF-B8B1-4698-96F3-AF74B0A915A5}.Debug|Any CPU.Build.0 = Debug|Any CPU
		{B6A010EF-B8B1-4698-96F3-AF74B0A915A5}.Release|Any CPU.ActiveCfg = Release|Any CPU
		{B6A010EF-B8B1-4698-96F3-AF74B0A915A5}.Release|Any CPU.Build.0 = Release|Any CPU
		{2C21D911-8438-4395-B1D4-9D296EFBF9C5}.Debug|Any CPU.ActiveCfg = Debug|Any CPU
		{2C21D911-8438-4395-B1D4-9D296EFBF9C5}.Debug|Any CPU.Build.0 = Debug|Any CPU
		{2C21D911-8438-4395-B1D4-9D296EFBF9C5}.Release|Any CPU.ActiveCfg = Release|Any CPU
		{2C21D911-8438-4395-B1D4-9D296EFBF9C5}.Release|Any CPU.Build.0 = Release|Any CPU
		{7A048F77-E315-4441-9BB6-1A87C983B231}.Debug|Any CPU.ActiveCfg = Debug|Any CPU
		{7A048F77-E315-4441-9BB6-1A87C983B231}.Debug|Any CPU.Build.0 = Debug|Any CPU
		{7A048F77-E315-4441-9BB6-1A87C983B231}.Release|Any CPU.ActiveCfg = Release|Any CPU
		{7A048F77-E315-4441-9BB6-1A87C983B231}.Release|Any CPU.Build.0 = Release|Any CPU
	EndGlobalSection
	GlobalSection(SolutionProperties) = preSolution
		HideSolutionNode = FALSE
	EndGlobalSection
	GlobalSection(NestedProjects) = preSolution
		{80FBCAE8-E105-4D67-92A2-6CE732658261} = {8A101F1C-C005-47DA-96F1-DC91EF4FCDA7}
		{F1FA2290-DE19-4642-BF36-CE0309B5A2B0} = {31521893-17A8-485D-B21F-3E45662700E3}
		{699EED29-4A3C-4034-A471-D424DA608BC1} = {31521893-17A8-485D-B21F-3E45662700E3}
		{B6A010EF-B8B1-4698-96F3-AF74B0A915A5} = {31521893-17A8-485D-B21F-3E45662700E3}
		{2C21D911-8438-4395-B1D4-9D296EFBF9C5} = {31521893-17A8-485D-B21F-3E45662700E3}
		{7A048F77-E315-4441-9BB6-1A87C983B231} = {31521893-17A8-485D-B21F-3E45662700E3}
	EndGlobalSection
EndGlobal
